// !$*UTF8*$!
{
	archiveVersion = 1;
	classes = {
	};
	objectVersion = 50;
	objects = {

/* Begin PBXBuildFile section */
		23251D54272D0E4900D5AEB4 /* main.c in Sources */ = {isa = PBXBuildFile; fileRef = 23251D53272D0E4900D5AEB4 /* main.c */; };
		23251D59272D1B8200D5AEB4 /* sender.c in Sources */ = {isa = PBXBuildFile; fileRef = 23251D58272D1B8200D5AEB4 /* sender.c */; };
		23251D67272D279D00D5AEB4 /* receiver.c in Sources */ = {isa = PBXBuildFile; fileRef = 23251D66272D279D00D5AEB4 /* receiver.c */; };
/* End PBXBuildFile section */

/* Begin PBXCopyFilesBuildPhase section */
		23251D4F272D0E4900D5AEB4 /* CopyFiles */ = {
			isa = PBXCopyFilesBuildPhase;
			buildActionMask = 2147483647;
			dstPath = /usr/share/man/man1/;
			dstSubfolderSpec = 0;
			files = (
			);
			runOnlyForDeploymentPostprocessing = 1;
		};
		23251D5C272D278600D5AEB4 /* CopyFiles */ = {
			isa = PBXCopyFilesBuildPhase;
			buildActionMask = 2147483647;
			dstPath = /usr/share/man/man1/;
			dstSubfolderSpec = 0;
			files = (
			);
			runOnlyForDeploymentPostprocessing = 1;
		};
		2329C7F42726E60A00460EC4 /* CopyFiles */ = {
			isa = PBXCopyFilesBuildPhase;
			buildActionMask = 2147483647;
			dstPath = /usr/share/man/man1/;
			dstSubfolderSpec = 0;
			files = (
			);
			runOnlyForDeploymentPostprocessing = 1;
		};
/* End PBXCopyFilesBuildPhase section */

/* Begin PBXFileReference section */
		23251D51272D0E4900D5AEB4 /* senderTest */ = {isa = PBXFileReference; explicitFileType = "compiled.mach-o.executable"; includeInIndex = 0; path = senderTest; sourceTree = BUILT_PRODUCTS_DIR; };
		23251D53272D0E4900D5AEB4 /* main.c */ = {isa = PBXFileReference; lastKnownFileType = sourcecode.c.c; path = main.c; sourceTree = "<group>"; };
		23251D58272D1B8200D5AEB4 /* sender.c */ = {isa = PBXFileReference; lastKnownFileType = sourcecode.c.c; path = sender.c; sourceTree = "<group>"; };
		23251D5E272D278600D5AEB4 /* receiver */ = {isa = PBXFileReference; explicitFileType = "compiled.mach-o.executable"; includeInIndex = 0; path = receiver; sourceTree = BUILT_PRODUCTS_DIR; };
		23251D65272D279D00D5AEB4 /* receiver.h */ = {isa = PBXFileReference; lastKnownFileType = sourcecode.c.h; path = receiver.h; sourceTree = "<group>"; };
		23251D66272D279D00D5AEB4 /* receiver.c */ = {isa = PBXFileReference; lastKnownFileType = sourcecode.c.c; path = receiver.c; sourceTree = "<group>"; };
		2329C7F62726E60A00460EC4 /* Step1 */ = {isa = PBXFileReference; explicitFileType = "compiled.mach-o.executable"; includeInIndex = 0; path = Step1; sourceTree = BUILT_PRODUCTS_DIR; };
		2381F979272A9BAF001E83D3 /* sender.h */ = {isa = PBXFileReference; lastKnownFileType = sourcecode.c.h; path = sender.h; sourceTree = "<group>"; };
/* End PBXFileReference section */

/* Begin PBXFrameworksBuildPhase section */
		23251D4E272D0E4900D5AEB4 /* Frameworks */ = {
			isa = PBXFrameworksBuildPhase;
			buildActionMask = 2147483647;
			files = (
			);
			runOnlyForDeploymentPostprocessing = 0;
		};
		23251D5B272D278600D5AEB4 /* Frameworks */ = {
			isa = PBXFrameworksBuildPhase;
			buildActionMask = 2147483647;
			files = (
			);
			runOnlyForDeploymentPostprocessing = 0;
		};
		2329C7F32726E60A00460EC4 /* Frameworks */ = {
			isa = PBXFrameworksBuildPhase;
			buildActionMask = 2147483647;
			files = (
			);
			runOnlyForDeploymentPostprocessing = 0;
		};
/* End PBXFrameworksBuildPhase section */

/* Begin PBXGroup section */
		23251D52272D0E4900D5AEB4 /* senderTest */ = {
			isa = PBXGroup;
			children = (
				23251D53272D0E4900D5AEB4 /* main.c */,
			);
			path = senderTest;
			sourceTree = "<group>";
		};
		23251D5F272D278600D5AEB4 /* receiver */ = {
			isa = PBXGroup;
			children = (
				23251D65272D279D00D5AEB4 /* receiver.h */,
				23251D66272D279D00D5AEB4 /* receiver.c */,
			);
			path = receiver;
			sourceTree = "<group>";
		};
		2329C7ED2726E60A00460EC4 = {
			isa = PBXGroup;
			children = (
				2329C7F82726E60A00460EC4 /* Step1 */,
				23251D52272D0E4900D5AEB4 /* senderTest */,
				23251D5F272D278600D5AEB4 /* receiver */,
				2329C7F72726E60A00460EC4 /* Products */,
			);
			sourceTree = "<group>";
		};
		2329C7F72726E60A00460EC4 /* Products */ = {
			isa = PBXGroup;
			children = (
				2329C7F62726E60A00460EC4 /* Step1 */,
				23251D51272D0E4900D5AEB4 /* senderTest */,
				23251D5E272D278600D5AEB4 /* receiver */,
			);
			name = Products;
			sourceTree = "<group>";
		};
		2329C7F82726E60A00460EC4 /* Step1 */ = {
			isa = PBXGroup;
			children = (
				2381F979272A9BAF001E83D3 /* sender.h */,
				23251D58272D1B8200D5AEB4 /* sender.c */,
			);
			path = Step1;
			sourceTree = "<group>";
		};
/* End PBXGroup section */

/* Begin PBXNativeTarget section */
		23251D50272D0E4900D5AEB4 /* senderTest */ = {
			isa = PBXNativeTarget;
			buildConfigurationList = 23251D55272D0E4900D5AEB4 /* Build configuration list for PBXNativeTarget "senderTest" */;
			buildPhases = (
				23251D4D272D0E4900D5AEB4 /* Sources */,
				23251D4E272D0E4900D5AEB4 /* Frameworks */,
				23251D4F272D0E4900D5AEB4 /* CopyFiles */,
			);
			buildRules = (
			);
			dependencies = (
			);
			name = senderTest;
			productName = senderTest;
			productReference = 23251D51272D0E4900D5AEB4 /* senderTest */;
			productType = "com.apple.product-type.tool";
		};
		23251D5D272D278600D5AEB4 /* receiver */ = {
			isa = PBXNativeTarget;
			buildConfigurationList = 23251D62272D278600D5AEB4 /* Build configuration list for PBXNativeTarget "receiver" */;
			buildPhases = (
				23251D5A272D278600D5AEB4 /* Sources */,
				23251D5B272D278600D5AEB4 /* Frameworks */,
				23251D5C272D278600D5AEB4 /* CopyFiles */,
			);
			buildRules = (
			);
			dependencies = (
			);
			name = receiver;
			productName = receiver;
			productReference = 23251D5E272D278600D5AEB4 /* receiver */;
			productType = "com.apple.product-type.tool";
		};
		2329C7F52726E60A00460EC4 /* Step1 */ = {
			isa = PBXNativeTarget;
			buildConfigurationList = 2329C7FD2726E60A00460EC4 /* Build configuration list for PBXNativeTarget "Step1" */;
			buildPhases = (
				2329C7F22726E60A00460EC4 /* Sources */,
				2329C7F32726E60A00460EC4 /* Frameworks */,
				2329C7F42726E60A00460EC4 /* CopyFiles */,
			);
			buildRules = (
			);
			dependencies = (
			);
			name = Step1;
			productName = Step1;
			productReference = 2329C7F62726E60A00460EC4 /* Step1 */;
			productType = "com.apple.product-type.tool";
		};
/* End PBXNativeTarget section */

/* Begin PBXProject section */
		2329C7EE2726E60A00460EC4 /* Project object */ = {
			isa = PBXProject;
			attributes = {
				LastUpgradeCheck = 1250;
				TargetAttributes = {
					23251D50272D0E4900D5AEB4 = {
						CreatedOnToolsVersion = 13.1;
					};
					23251D5D272D278600D5AEB4 = {
						CreatedOnToolsVersion = 13.1;
					};
					2329C7F52726E60A00460EC4 = {
						CreatedOnToolsVersion = 12.5.1;
					};
				};
			};
			buildConfigurationList = 2329C7F12726E60A00460EC4 /* Build configuration list for PBXProject "Step1" */;
			compatibilityVersion = "Xcode 9.3";
			developmentRegion = en;
			hasScannedForEncodings = 0;
			knownRegions = (
				en,
				Base,
			);
			mainGroup = 2329C7ED2726E60A00460EC4;
			productRefGroup = 2329C7F72726E60A00460EC4 /* Products */;
			projectDirPath = "";
			projectRoot = "";
			targets = (
				2329C7F52726E60A00460EC4 /* Step1 */,
				23251D50272D0E4900D5AEB4 /* senderTest */,
				23251D5D272D278600D5AEB4 /* receiver */,
			);
		};
/* End PBXProject section */

/* Begin PBXSourcesBuildPhase section */
		23251D4D272D0E4900D5AEB4 /* Sources */ = {
			isa = PBXSourcesBuildPhase;
			buildActionMask = 2147483647;
			files = (
				23251D54272D0E4900D5AEB4 /* main.c in Sources */,
			);
			runOnlyForDeploymentPostprocessing = 0;
		};
		23251D5A272D278600D5AEB4 /* Sources */ = {
			isa = PBXSourcesBuildPhase;
			buildActionMask = 2147483647;
			files = (
				23251D67272D279D00D5AEB4 /* receiver.c in Sources */,
			);
			runOnlyForDeploymentPostprocessing = 0;
		};
		2329C7F22726E60A00460EC4 /* Sources */ = {
			isa = PBXSourcesBuildPhase;
			buildActionMask = 2147483647;
			files = (
				23251D59272D1B8200D5AEB4 /* sender.c in Sources */,
			);
			runOnlyForDeploymentPostprocessing = 0;
		};
/* End PBXSourcesBuildPhase section */

/* Begin XCBuildConfiguration section */
		23251D56272D0E4900D5AEB4 /* Debug */ = {
			isa = XCBuildConfiguration;
			buildSettings = {
				CLANG_CXX_LANGUAGE_STANDARD = "gnu++17";
				CODE_SIGN_STYLE = Automatic;
				DEVELOPMENT_TEAM = HT2KF428N7;
				ENABLE_HARDENED_RUNTIME = YES;
				MACOSX_DEPLOYMENT_TARGET = 12.0;
				PRODUCT_NAME = "$(TARGET_NAME)";
			};
			name = Debug;
		};
		23251D57272D0E4900D5AEB4 /* Release */ = {
			isa = XCBuildConfiguration;
			buildSettings = {
				CLANG_CXX_LANGUAGE_STANDARD = "gnu++17";
				CODE_SIGN_STYLE = Automatic;
				DEVELOPMENT_TEAM = HT2KF428N7;
				ENABLE_HARDENED_RUNTIME = YES;
				MACOSX_DEPLOYMENT_TARGET = 12.0;
				PRODUCT_NAME = "$(TARGET_NAME)";
			};
			name = Release;
		};
		23251D63272D278600D5AEB4 /* Debug */ = {
			isa = XCBuildConfiguration;
			buildSettings = {
				CLANG_CXX_LANGUAGE_STANDARD = "gnu++17";
				CODE_SIGN_STYLE = Automatic;
				DEVELOPMENT_TEAM = HT2KF428N7;
				ENABLE_HARDENED_RUNTIME = YES;
				MACOSX_DEPLOYMENT_TARGET = 12.0;
				PRODUCT_NAME = "$(TARGET_NAME)";
			};
			name = Debug;
		};
		23251D64272D278600D5AEB4 /* Release */ = {
			isa = XCBuildConfiguration;
			buildSettings = {
				CLANG_CXX_LANGUAGE_STANDARD = "gnu++17";
				CODE_SIGN_STYLE = Automatic;
				DEVELOPMENT_TEAM = HT2KF428N7;
				ENABLE_HARDENED_RUNTIME = YES;
				MACOSX_DEPLOYMENT_TARGET = 12.0;
				PRODUCT_NAME = "$(TARGET_NAME)";
			};
			name = Release;
		};
		2329C7FB2726E60A00460EC4 /* Debug */ = {
			isa = XCBuildConfiguration;
			buildSettings = {
				ALWAYS_SEARCH_USER_PATHS = NO;
				CLANG_ANALYZER_NONNULL = YES;
				CLANG_ANALYZER_NUMBER_OBJECT_CONVERSION = YES_AGGRESSIVE;
				CLANG_CXX_LANGUAGE_STANDARD = "gnu++14";
				CLANG_CXX_LIBRARY = "libc++";
				CLANG_ENABLE_MODULES = YES;
				CLANG_ENABLE_OBJC_ARC = YES;
				CLANG_ENABLE_OBJC_WEAK = YES;
				CLANG_WARN_BLOCK_CAPTURE_AUTORELEASING = YES;
				CLANG_WARN_BOOL_CONVERSION = YES;
				CLANG_WARN_COMMA = YES;
				CLANG_WARN_CONSTANT_CONVERSION = YES;
				CLANG_WARN_DEPRECATED_OBJC_IMPLEMENTATIONS = YES;
				CLANG_WARN_DIRECT_OBJC_ISA_USAGE = YES_ERROR;
				CLANG_WARN_DOCUMENTATION_COMMENTS = YES;
				CLANG_WARN_EMPTY_BODY = YES;
				CLANG_WARN_ENUM_CONVERSION = YES;
				CLANG_WARN_INFINITE_RECURSION = YES;
				CLANG_WARN_INT_CONVERSION = YES;
				CLANG_WARN_NON_LITERAL_NULL_CONVERSION = YES;
				CLANG_WARN_OBJC_IMPLICIT_RETAIN_SELF = YES;
				CLANG_WARN_OBJC_LITERAL_CONVERSION = YES;
				CLANG_WARN_OBJC_ROOT_CLASS = YES_ERROR;
				CLANG_WARN_QUOTED_INCLUDE_IN_FRAMEWORK_HEADER = YES;
				CLANG_WARN_RANGE_LOOP_ANALYSIS = YES;
				CLANG_WARN_STRICT_PROTOTYPES = YES;
				CLANG_WARN_SUSPICIOUS_MOVE = YES;
				CLANG_WARN_UNGUARDED_AVAILABILITY = YES_AGGRESSIVE;
				CLANG_WARN_UNREACHABLE_CODE = YES;
				CLANG_WARN__DUPLICATE_METHOD_MATCH = YES;
				COPY_PHASE_STRIP = NO;
				DEBUG_INFORMATION_FORMAT = dwarf;
				ENABLE_STRICT_OBJC_MSGSEND = YES;
				ENABLE_TESTABILITY = YES;
				GCC_C_LANGUAGE_STANDARD = gnu11;
				GCC_DYNAMIC_NO_PIC = NO;
				GCC_NO_COMMON_BLOCKS = YES;
				GCC_OPTIMIZATION_LEVEL = 0;
				GCC_PREPROCESSOR_DEFINITIONS = (
					"DEBUG=1",
					"$(inherited)",
				);
				GCC_WARN_64_TO_32_BIT_CONVERSION = YES;
				GCC_WARN_ABOUT_RETURN_TYPE = YES_ERROR;
				GCC_WARN_UNDECLARED_SELECTOR = YES;
				GCC_WARN_UNINITIALIZED_AUTOS = YES_AGGRESSIVE;
				GCC_WARN_UNUSED_FUNCTION = YES;
				GCC_WARN_UNUSED_VARIABLE = YES;
				MACOSX_DEPLOYMENT_TARGET = 11.3;
				MTL_ENABLE_DEBUG_INFO = INCLUDE_SOURCE;
				MTL_FAST_MATH = YES;
				ONLY_ACTIVE_ARCH = YES;
				SDKROOT = macosx;
			};
			name = Debug;
		};
		2329C7FC2726E60A00460EC4 /* Release */ = {
			isa = XCBuildConfiguration;
			buildSettings = {
				ALWAYS_SEARCH_USER_PATHS = NO;
				CLANG_ANALYZER_NONNULL = YES;
				CLANG_ANALYZER_NUMBER_OBJECT_CONVERSION = YES_AGGRESSIVE;
				CLANG_CXX_LANGUAGE_STANDARD = "gnu++14";
				CLANG_CXX_LIBRARY = "libc++";
				CLANG_ENABLE_MODULES = YES;
				CLANG_ENABLE_OBJC_ARC = YES;
				CLANG_ENABLE_OBJC_WEAK = YES;
				CLANG_WARN_BLOCK_CAPTURE_AUTORELEASING = YES;
				CLANG_WARN_BOOL_CONVERSION = YES;
				CLANG_WARN_COMMA = YES;
				CLANG_WARN_CONSTANT_CONVERSION = YES;
				CLANG_WARN_DEPRECATED_OBJC_IMPLEMENTATIONS = YES;
				CLANG_WARN_DIRECT_OBJC_ISA_USAGE = YES_ERROR;
				CLANG_WARN_DOCUMENTATION_COMMENTS = YES;
				CLANG_WARN_EMPTY_BODY = YES;
				CLANG_WARN_ENUM_CONVERSION = YES;
				CLANG_WARN_INFINITE_RECURSION = YES;
				CLANG_WARN_INT_CONVERSION = YES;
				CLANG_WARN_NON_LITERAL_NULL_CONVERSION = YES;
				CLANG_WARN_OBJC_IMPLICIT_RETAIN_SELF = YES;
				CLANG_WARN_OBJC_LITERAL_CONVERSION = YES;
				CLANG_WARN_OBJC_ROOT_CLASS = YES_ERROR;
				CLANG_WARN_QUOTED_INCLUDE_IN_FRAMEWORK_HEADER = YES;
				CLANG_WARN_RANGE_LOOP_ANALYSIS = YES;
				CLANG_WARN_STRICT_PROTOTYPES = YES;
				CLANG_WARN_SUSPICIOUS_MOVE = YES;
				CLANG_WARN_UNGUARDED_AVAILABILITY = YES_AGGRESSIVE;
				CLANG_WARN_UNREACHABLE_CODE = YES;
				CLANG_WARN__DUPLICATE_METHOD_MATCH = YES;
				COPY_PHASE_STRIP = NO;
				DEBUG_INFORMATION_FORMAT = "dwarf-with-dsym";
				ENABLE_NS_ASSERTIONS = NO;
				ENABLE_STRICT_OBJC_MSGSEND = YES;
				GCC_C_LANGUAGE_STANDARD = gnu11;
				GCC_NO_COMMON_BLOCKS = YES;
				GCC_WARN_64_TO_32_BIT_CONVERSION = YES;
				GCC_WARN_ABOUT_RETURN_TYPE = YES_ERROR;
				GCC_WARN_UNDECLARED_SELECTOR = YES;
				GCC_WARN_UNINITIALIZED_AUTOS = YES_AGGRESSIVE;
				GCC_WARN_UNUSED_FUNCTION = YES;
				GCC_WARN_UNUSED_VARIABLE = YES;
				MACOSX_DEPLOYMENT_TARGET = 11.3;
				MTL_ENABLE_DEBUG_INFO = NO;
				MTL_FAST_MATH = YES;
				SDKROOT = macosx;
			};
			name = Release;
		};
		2329C7FE2726E60A00460EC4 /* Debug */ = {
			isa = XCBuildConfiguration;
			buildSettings = {
				CODE_SIGN_STYLE = Automatic;
				DEVELOPMENT_TEAM = HT2KF428N7;
				ENABLE_HARDENED_RUNTIME = YES;
				PRODUCT_NAME = "$(TARGET_NAME)";
			};
			name = Debug;
		};
		2329C7FF2726E60A00460EC4 /* Release */ = {
			isa = XCBuildConfiguration;
			buildSettings = {
				CODE_SIGN_STYLE = Automatic;
				DEVELOPMENT_TEAM = HT2KF428N7;
				ENABLE_HARDENED_RUNTIME = YES;
				PRODUCT_NAME = "$(TARGET_NAME)";
			};
			name = Release;
		};
/* End XCBuildConfiguration section */

/* Begin XCConfigurationList section */
		23251D55272D0E4900D5AEB4 /* Build configuration list for PBXNativeTarget "senderTest" */ = {
			isa = XCConfigurationList;
			buildConfigurations = (
				23251D56272D0E4900D5AEB4 /* Debug */,
				23251D57272D0E4900D5AEB4 /* Release */,
			);
			defaultConfigurationIsVisible = 0;
			defaultConfigurationName = Release;
		};
		23251D62272D278600D5AEB4 /* Build configuration list for PBXNativeTarget "receiver" */ = {
			isa = XCConfigurationList;
			buildConfigurations = (
				23251D63272D278600D5AEB4 /* Debug */,
				23251D64272D278600D5AEB4 /* Release */,
			);
			defaultConfigurationIsVisible = 0;
			defaultConfigurationName = Release;
		};
		2329C7F12726E60A00460EC4 /* Build configuration list for PBXProject "Step1" */ = {
			isa = XCConfigurationList;
			buildConfigurations = (
				2329C7FB2726E60A00460EC4 /* Debug */,
				2329C7FC2726E60A00460EC4 /* Release */,
			);
			defaultConfigurationIsVisible = 0;
			defaultConfigurationName = Release;
		};
		2329C7FD2726E60A00460EC4 /* Build configuration list for PBXNativeTarget "Step1" */ = {
			isa = XCConfigurationList;
			buildConfigurations = (
				2329C7FE2726E60A00460EC4 /* Debug */,
				2329C7FF2726E60A00460EC4 /* Release */,
			);
			defaultConfigurationIsVisible = 0;
			defaultConfigurationName = Release;
		};
/* End XCConfigurationList section */
	};
	rootObject = 2329C7EE2726E60A00460EC4 /* Project object */;
}
